{
  "requires": true,
  "lockfileVersion": 1,
  "dependencies": {
    "js-bbcode-parser": {
      "version": "4.0.0",
      "resolved": "https://registry.npmjs.org/js-bbcode-parser/-/js-bbcode-parser-4.0.0.tgz",
      "integrity": "sha512-3uoQJBMhhaJQhFY+KeR99MNCUxLjTaacHf930Ln6DQd13yD+EXqtHovhlaN5Jb+J058hx1F0l64rF0rLGM7dJA=="
    }
  }
}
