
Microsoft Visual Studio Solution File, Format Version 12.00
# Visual Studio Version 17
VisualStudioVersion = 17.1.32319.34
MinimumVisualStudioVersion = 10.0.40219.1
Project("{9A19103F-16F7-4668-BE54-9A1E7A4F7556}") = "PetForum.Api", "PetForum.Api\PetForum.Api.csproj", "{77097193-3A0F-4446-B460-ED7F6520A448}"
EndProject
Project("{FAE04EC0-301F-11D3-BF4B-00C04F79EFBC}") = "PetForum.Infrastructure", "PetForum.Infrastructure\PetForum.Infrastructure.csproj", "{718F9A4F-B3D2-4A86-96A7-5898781F3A5B}"
EndProject
Project("{FAE04EC0-301F-11D3-BF4B-00C04F79EFBC}") = "PetForum.Core", "PetForum.Core\PetForum.Core.csproj", "{B73C6921-42E0-4173-B9E3-E3B53085502E}"
EndProject
Project("{FAE04EC0-301F-11D3-BF4B-00C04F79EFBC}") = "PetForum.Application", "PetForum.Application\PetForum.Application.csproj", "{AD01A52F-0869-4565-BADF-B9B856FC44B4}"
EndProject
Global
	GlobalSection(SolutionConfigurationPlatforms) = preSolution
		Debug|Any CPU = Debug|Any CPU
		Release|Any CPU = Release|Any CPU
	EndGlobalSection
	GlobalSection(ProjectConfigurationPlatforms) = postSolution
		{77097193-3A0F-4446-B460-ED7F6520A448}.Debug|Any CPU.ActiveCfg = Debug|Any CPU
		{77097193-3A0F-4446-B460-ED7F6520A448}.Debug|Any CPU.Build.0 = Debug|Any CPU
		{77097193-3A0F-4446-B460-ED7F6520A448}.Release|Any CPU.ActiveCfg = Release|Any CPU
		{77097193-3A0F-4446-B460-ED7F6520A448}.Release|Any CPU.Build.0 = Release|Any CPU
		{718F9A4F-B3D2-4A86-96A7-5898781F3A5B}.Debug|Any CPU.ActiveCfg = Debug|Any CPU
		{718F9A4F-B3D2-4A86-96A7-5898781F3A5B}.Debug|Any CPU.Build.0 = Debug|Any CPU
		{718F9A4F-B3D2-4A86-96A7-5898781F3A5B}.Release|Any CPU.ActiveCfg = Release|Any CPU
		{718F9A4F-B3D2-4A86-96A7-5898781F3A5B}.Release|Any CPU.Build.0 = Release|Any CPU
		{B73C6921-42E0-4173-B9E3-E3B53085502E}.Debug|Any CPU.ActiveCfg = Debug|Any CPU
		{B73C6921-42E0-4173-B9E3-E3B53085502E}.Debug|Any CPU.Build.0 = Debug|Any CPU
		{B73C6921-42E0-4173-B9E3-E3B53085502E}.Release|Any CPU.ActiveCfg = Release|Any CPU
		{B73C6921-42E0-4173-B9E3-E3B53085502E}.Release|Any CPU.Build.0 = Release|Any CPU
		{AD01A52F-0869-4565-BADF-B9B856FC44B4}.Debug|Any CPU.ActiveCfg = Debug|Any CPU
		{AD01A52F-0869-4565-BADF-B9B856FC44B4}.Debug|Any CPU.Build.0 = Debug|Any CPU
		{AD01A52F-0869-4565-BADF-B9B856FC44B4}.Release|Any CPU.ActiveCfg = Release|Any CPU
		{AD01A52F-0869-4565-BADF-B9B856FC44B4}.Release|Any CPU.Build.0 = Release|Any CPU
	EndGlobalSection
	GlobalSection(SolutionProperties) = preSolution
		HideSolutionNode = FALSE
	EndGlobalSection
	GlobalSection(ExtensibilityGlobals) = postSolution
		SolutionGuid = {8CBE91EC-1447-416D-B028-CD90CC32B797}
	EndGlobalSection
EndGlobal
